
Microsoft Visual Studio Solution File, Format Version 12.00
# Visual Studio Version 16
VisualStudioVersion = 16.0.31702.278
MinimumVisualStudioVersion = 10.0.40219.1
Project("{FAE04EC0-301F-11D3-BF4B-00C04F79EFBC}") = "Task_19", "Task_19\Task_19.csproj", "{CC0B0754-9179-444C-91A6-9FCD861E48B0}"
EndProject
Project("{FAE04EC0-301F-11D3-BF4B-00C04F79EFBC}") = "Task_19_2", "Task_19_2\Task_19_2.csproj", "{7D452DD8-31E6-4604-ACAC-6671DF76CAE7}"
EndProject
Project("{FAE04EC0-301F-11D3-BF4B-00C04F79EFBC}") = "Task_19_3", "Task_19_3\Task_19_3.csproj", "{C3B5E570-B295-4A89-85F3-71EB6E12E201}"
EndProject
Global
	GlobalSection(SolutionConfigurationPlatforms) = preSolution
		Debug|Any CPU = Debug|Any CPU
		Release|Any CPU = Release|Any CPU
	EndGlobalSection
	GlobalSection(ProjectConfigurationPlatforms) = postSolution
		{CC0B0754-9179-444C-91A6-9FCD861E48B0}.Debug|Any CPU.ActiveCfg = Debug|Any CPU
		{CC0B0754-9179-444C-91A6-9FCD861E48B0}.Debug|Any CPU.Build.0 = Debug|Any CPU
		{CC0B0754-9179-444C-91A6-9FCD861E48B0}.Release|Any CPU.ActiveCfg = Release|Any CPU
		{CC0B0754-9179-444C-91A6-9FCD861E48B0}.Release|Any CPU.Build.0 = Release|Any CPU
		{7D452DD8-31E6-4604-ACAC-6671DF76CAE7}.Debug|Any CPU.ActiveCfg = Debug|Any CPU
		{7D452DD8-31E6-4604-ACAC-6671DF76CAE7}.Debug|Any CPU.Build.0 = Debug|Any CPU
		{7D452DD8-31E6-4604-ACAC-6671DF76CAE7}.Release|Any CPU.ActiveCfg = Release|Any CPU
		{7D452DD8-31E6-4604-ACAC-6671DF76CAE7}.Release|Any CPU.Build.0 = Release|Any CPU
		{C3B5E570-B295-4A89-85F3-71EB6E12E201}.Debug|Any CPU.ActiveCfg = Debug|Any CPU
		{C3B5E570-B295-4A89-85F3-71EB6E12E201}.Debug|Any CPU.Build.0 = Debug|Any CPU
		{C3B5E570-B295-4A89-85F3-71EB6E12E201}.Release|Any CPU.ActiveCfg = Release|Any CPU
		{C3B5E570-B295-4A89-85F3-71EB6E12E201}.Release|Any CPU.Build.0 = Release|Any CPU
	EndGlobalSection
	GlobalSection(SolutionProperties) = preSolution
		HideSolutionNode = FALSE
	EndGlobalSection
	GlobalSection(ExtensibilityGlobals) = postSolution
		SolutionGuid = {6639D1FF-814D-4CBF-A66D-D9867A456348}
	EndGlobalSection
EndGlobal
