
Microsoft Visual Studio Solution File, Format Version 12.00
# Visual Studio Version 16
VisualStudioVersion = 16.0.31702.278
MinimumVisualStudioVersion = 10.0.40219.1
Project("{FAE04EC0-301F-11D3-BF4B-00C04F79EFBC}") = "Task_20", "Task_20\Task_20.csproj", "{37309046-F79D-4DDC-8DE4-D532A5CFD4FD}"
EndProject
Project("{FAE04EC0-301F-11D3-BF4B-00C04F79EFBC}") = "Task_20_2", "Task_20_2\Task_20_2.csproj", "{C19D20CA-92A6-49BB-9C5F-15A547260E68}"
EndProject
Project("{FAE04EC0-301F-11D3-BF4B-00C04F79EFBC}") = "Task_20_3", "Task_20_3\Task_20_3.csproj", "{A98F6B5F-40BC-4A9D-8C11-7AD0D298BDD3}"
EndProject
Global
	GlobalSection(SolutionConfigurationPlatforms) = preSolution
		Debug|Any CPU = Debug|Any CPU
		Release|Any CPU = Release|Any CPU
	EndGlobalSection
	GlobalSection(ProjectConfigurationPlatforms) = postSolution
		{37309046-F79D-4DDC-8DE4-D532A5CFD4FD}.Debug|Any CPU.ActiveCfg = Debug|Any CPU
		{37309046-F79D-4DDC-8DE4-D532A5CFD4FD}.Debug|Any CPU.Build.0 = Debug|Any CPU
		{37309046-F79D-4DDC-8DE4-D532A5CFD4FD}.Release|Any CPU.ActiveCfg = Release|Any CPU
		{37309046-F79D-4DDC-8DE4-D532A5CFD4FD}.Release|Any CPU.Build.0 = Release|Any CPU
		{C19D20CA-92A6-49BB-9C5F-15A547260E68}.Debug|Any CPU.ActiveCfg = Debug|Any CPU
		{C19D20CA-92A6-49BB-9C5F-15A547260E68}.Debug|Any CPU.Build.0 = Debug|Any CPU
		{C19D20CA-92A6-49BB-9C5F-15A547260E68}.Release|Any CPU.ActiveCfg = Release|Any CPU
		{C19D20CA-92A6-49BB-9C5F-15A547260E68}.Release|Any CPU.Build.0 = Release|Any CPU
		{A98F6B5F-40BC-4A9D-8C11-7AD0D298BDD3}.Debug|Any CPU.ActiveCfg = Debug|Any CPU
		{A98F6B5F-40BC-4A9D-8C11-7AD0D298BDD3}.Debug|Any CPU.Build.0 = Debug|Any CPU
		{A98F6B5F-40BC-4A9D-8C11-7AD0D298BDD3}.Release|Any CPU.ActiveCfg = Release|Any CPU
		{A98F6B5F-40BC-4A9D-8C11-7AD0D298BDD3}.Release|Any CPU.Build.0 = Release|Any CPU
	EndGlobalSection
	GlobalSection(SolutionProperties) = preSolution
		HideSolutionNode = FALSE
	EndGlobalSection
	GlobalSection(ExtensibilityGlobals) = postSolution
		SolutionGuid = {148603BC-C438-482D-9E7E-AFB0FCE3B59E}
	EndGlobalSection
EndGlobal
